
Microsoft Visual Studio Solution File, Format Version 12.00
# Visual Studio Version 16
VisualStudioVersion = 16.0.30907.101
MinimumVisualStudioVersion = 10.0.40219.1
Project("{FAE04EC0-301F-11D3-BF4B-00C04F79EFBC}") = "TKB", "TKB\TKB.csproj", "{AF371388-0675-42B1-A6AD-AA8A983F3E09}"
EndProject
Global
	GlobalSection(SolutionConfigurationPlatforms) = preSolution
		Debug|Any CPU = Debug|Any CPU
		Release|Any CPU = Release|Any CPU
	EndGlobalSection
	GlobalSection(ProjectConfigurationPlatforms) = postSolution
		{AF371388-0675-42B1-A6AD-AA8A983F3E09}.Debug|Any CPU.ActiveCfg = Debug|Any CPU
		{AF371388-0675-42B1-A6AD-AA8A983F3E09}.Debug|Any CPU.Build.0 = Debug|Any CPU
		{AF371388-0675-42B1-A6AD-AA8A983F3E09}.Release|Any CPU.ActiveCfg = Release|Any CPU
		{AF371388-0675-42B1-A6AD-AA8A983F3E09}.Release|Any CPU.Build.0 = Release|Any CPU
	EndGlobalSection
	GlobalSection(SolutionProperties) = preSolution
		HideSolutionNode = FALSE
	EndGlobalSection
	GlobalSection(ExtensibilityGlobals) = postSolution
		SolutionGuid = {DE63EC16-3428-43E3-9611-F834C6DB166D}
	EndGlobalSection
EndGlobal
